
Microsoft Visual Studio Solution File, Format Version 12.00
# Visual Studio Version 16
VisualStudioVersion = 16.0.31410.357
MinimumVisualStudioVersion = 10.0.40219.1
Project("{FAE04EC0-301F-11D3-BF4B-00C04F79EFBC}") = "Patreon.Net", "Patreon.Net\Patreon.Net.csproj", "{F05B9611-1EC2-4544-A054-69B300B759C9}"
EndProject
Project("{FAE04EC0-301F-11D3-BF4B-00C04F79EFBC}") = "Patreon.Net.Tests", "Patreon.Net.Tests\Patreon.Net.Tests.csproj", "{9988AA49-B97E-4844-97AF-2F5F60697821}"
EndProject
Global
	GlobalSection(SolutionConfigurationPlatforms) = preSolution
		Debug|Any CPU = Debug|Any CPU
		Release|Any CPU = Release|Any CPU
	EndGlobalSection
	GlobalSection(ProjectConfigurationPlatforms) = postSolution
		{F05B9611-1EC2-4544-A054-69B300B759C9}.Debug|Any CPU.ActiveCfg = Debug|Any CPU
		{F05B9611-1EC2-4544-A054-69B300B759C9}.Debug|Any CPU.Build.0 = Debug|Any CPU
		{F05B9611-1EC2-4544-A054-69B300B759C9}.Release|Any CPU.ActiveCfg = Release|Any CPU
		{F05B9611-1EC2-4544-A054-69B300B759C9}.Release|Any CPU.Build.0 = Release|Any CPU
		{9988AA49-B97E-4844-97AF-2F5F60697821}.Debug|Any CPU.ActiveCfg = Debug|Any CPU
		{9988AA49-B97E-4844-97AF-2F5F60697821}.Debug|Any CPU.Build.0 = Debug|Any CPU
		{9988AA49-B97E-4844-97AF-2F5F60697821}.Release|Any CPU.ActiveCfg = Release|Any CPU
		{9988AA49-B97E-4844-97AF-2F5F60697821}.Release|Any CPU.Build.0 = Release|Any CPU
	EndGlobalSection
	GlobalSection(SolutionProperties) = preSolution
		HideSolutionNode = FALSE
	EndGlobalSection
	GlobalSection(ExtensibilityGlobals) = postSolution
		SolutionGuid = {8449E223-D2FA-4640-BC0D-6871F76FAFE9}
	EndGlobalSection
EndGlobal
